
Microsoft Visual Studio Solution File, Format Version 12.00
# Visual Studio Version 17
VisualStudioVersion = 17.5.002.0
MinimumVisualStudioVersion = 10.0.40219.1
Project("{9A19103F-16F7-4668-BE54-9A1E7A4F7556}") = "SocialNetworkApi", "SocialNetworkApi.csproj", "{D0B973A4-6867-4D95-8F2B-DB1342BF663C}"
EndProject
Global
	GlobalSection(SolutionConfigurationPlatforms) = preSolution
		Debug|Any CPU = Debug|Any CPU
		Release|Any CPU = Release|Any CPU
	EndGlobalSection
	GlobalSection(ProjectConfigurationPlatforms) = postSolution
		{D0B973A4-6867-4D95-8F2B-DB1342BF663C}.Debug|Any CPU.ActiveCfg = Debug|Any CPU
		{D0B973A4-6867-4D95-8F2B-DB1342BF663C}.Debug|Any CPU.Build.0 = Debug|Any CPU
		{D0B973A4-6867-4D95-8F2B-DB1342BF663C}.Release|Any CPU.ActiveCfg = Release|Any CPU
		{D0B973A4-6867-4D95-8F2B-DB1342BF663C}.Release|Any CPU.Build.0 = Release|Any CPU
	EndGlobalSection
	GlobalSection(SolutionProperties) = preSolution
		HideSolutionNode = FALSE
	EndGlobalSection
	GlobalSection(ExtensibilityGlobals) = postSolution
		SolutionGuid = {A3422490-47AD-46D6-9546-E180B3645751}
	EndGlobalSection
EndGlobal
